
Microsoft Visual Studio Solution File, Format Version 12.00
# Visual Studio 15
VisualStudioVersion = 15.0.27004.2002
MinimumVisualStudioVersion = 10.0.40219.1
Project("{9A19103F-16F7-4668-BE54-9A1E7A4F7556}") = "VisualStudioMacProblem", "WebApplication1\VisualStudioMacProblem.csproj", "{902B5003-D892-4C4A-8C81-724F7404B8F9}"
EndProject
Project("{9A19103F-16F7-4668-BE54-9A1E7A4F7556}") = "NetStandardClassLibraryA", "NetStandardClassLibraryA\NetStandardClassLibraryA.csproj", "{6B97D8E7-15AF-4AC4-BD9B-BA8FFC9D272B}"
EndProject
Project("{FAE04EC0-301F-11D3-BF4B-00C04F79EFBC}") = "NetStandardClassLibraryB", "NetStandardClassLibraryB\NetStandardClassLibraryB.csproj", "{0EC39BFB-35F7-4281-9A28-547E2A966D80}"
EndProject
Global
	GlobalSection(SolutionConfigurationPlatforms) = preSolution
		Debug|Any CPU = Debug|Any CPU
		Release|Any CPU = Release|Any CPU
	EndGlobalSection
	GlobalSection(ProjectConfigurationPlatforms) = postSolution
		{902B5003-D892-4C4A-8C81-724F7404B8F9}.Debug|Any CPU.ActiveCfg = Debug|Any CPU
		{902B5003-D892-4C4A-8C81-724F7404B8F9}.Debug|Any CPU.Build.0 = Debug|Any CPU
		{902B5003-D892-4C4A-8C81-724F7404B8F9}.Release|Any CPU.ActiveCfg = Release|Any CPU
		{902B5003-D892-4C4A-8C81-724F7404B8F9}.Release|Any CPU.Build.0 = Release|Any CPU
		{6B97D8E7-15AF-4AC4-BD9B-BA8FFC9D272B}.Debug|Any CPU.ActiveCfg = Debug|Any CPU
		{6B97D8E7-15AF-4AC4-BD9B-BA8FFC9D272B}.Debug|Any CPU.Build.0 = Debug|Any CPU
		{6B97D8E7-15AF-4AC4-BD9B-BA8FFC9D272B}.Release|Any CPU.ActiveCfg = Release|Any CPU
		{6B97D8E7-15AF-4AC4-BD9B-BA8FFC9D272B}.Release|Any CPU.Build.0 = Release|Any CPU
		{0EC39BFB-35F7-4281-9A28-547E2A966D80}.Debug|Any CPU.ActiveCfg = Debug|Any CPU
		{0EC39BFB-35F7-4281-9A28-547E2A966D80}.Debug|Any CPU.Build.0 = Debug|Any CPU
		{0EC39BFB-35F7-4281-9A28-547E2A966D80}.Release|Any CPU.ActiveCfg = Release|Any CPU
		{0EC39BFB-35F7-4281-9A28-547E2A966D80}.Release|Any CPU.Build.0 = Release|Any CPU
	EndGlobalSection
	GlobalSection(SolutionProperties) = preSolution
		HideSolutionNode = FALSE
	EndGlobalSection
	GlobalSection(ExtensibilityGlobals) = postSolution
		SolutionGuid = {5651AD46-BD02-4283-8784-5A3AF4FFEFDA}
	EndGlobalSection
EndGlobal
